{
  "nodes": {
    "flake-compat": {
      "flake": false,
      "locked": {
        "lastModified": 1733328505,
        "narHash": "sha256-NeCCThCEP3eCl2l/+27kNNK7QrwZB1IJCrXfrbv5oqU=",
        "owner": "edolstra",
        "repo": "flake-compat",
        "rev": "ff81ac966bb2cae68946d5ed5fc4994f96d0ffec",
        "type": "github"
      },
      "original": {
        "owner": "edolstra",
        "repo": "flake-compat",
        "type": "github"
      }
    },
    "home-manager": {
      "inputs": {
        "nixpkgs": [
          "nixpkgs-unstable"
        ]
      },
      "locked": {
        "lastModified": 1735774425,
        "narHash": "sha256-C73gLFnEh8ZI0uDijUgCDWCd21T6I6tsaWgIBHcfAXg=",
        "owner": "nix-community",
        "repo": "home-manager",
        "rev": "5f6aa268e419d053c3d5025da740e390b12ac936",
        "type": "github"
      },
      "original": {
        "owner": "nix-community",
        "ref": "master",
        "repo": "home-manager",
        "type": "github"
      }
    },
    "nixpkgs-master": {
      "locked": {
        "lastModified": 1735841663,
        "narHash": "sha256-egOHcdCmM+TA2Lq1OZabyTeUnaa/8UDilUbMKSlbF8Y=",
        "owner": "NixOS",
        "repo": "nixpkgs",
        "rev": "e238f8a86b5d75a8f5ca16084cc0e70b129bd8a7",
        "type": "github"
      },
      "original": {
        "owner": "NixOS",
        "ref": "master",
        "repo": "nixpkgs",
        "type": "github"
      }
    },
    "nixpkgs-stable": {
      "locked": {
        "lastModified": 1735563628,
        "narHash": "sha256-OnSAY7XDSx7CtDoqNh8jwVwh4xNL/2HaJxGjryLWzX8=",
        "owner": "NixOS",
        "repo": "nixpkgs",
        "rev": "b134951a4c9f3c995fd7be05f3243f8ecd65d798",
        "type": "github"
      },
      "original": {
        "owner": "NixOS",
        "ref": "nixos-24.05",
        "repo": "nixpkgs",
        "type": "github"
      }
    },
    "nixpkgs-unstable": {
      "locked": {
        "lastModified": 1735471104,
        "narHash": "sha256-0q9NGQySwDQc7RhAV2ukfnu7Gxa5/ybJ2ANT8DQrQrs=",
        "owner": "NixOS",
        "repo": "nixpkgs",
        "rev": "88195a94f390381c6afcdaa933c2f6ff93959cb4",
        "type": "github"
      },
      "original": {
        "owner": "NixOS",
        "ref": "nixos-unstable",
        "repo": "nixpkgs",
        "type": "github"
      }
    },
    "root": {
      "inputs": {
        "home-manager": "home-manager",
        "nixpkgs-master": "nixpkgs-master",
        "nixpkgs-stable": "nixpkgs-stable",
        "nixpkgs-unstable": "nixpkgs-unstable",
        "spicetify": "spicetify"
      }
    },
    "spicetify": {
      "inputs": {
        "flake-compat": "flake-compat",
        "nixpkgs": [
          "nixpkgs-unstable"
        ]
      },
      "locked": {
        "lastModified": 1735827474,
        "narHash": "sha256-s8fDRn99iDIf5olFuIXlw6BDUjdBj4sk9uqPWD4pDdU=",
        "owner": "Gerg-L",
        "repo": "spicetify-nix",
        "rev": "c0db9c52e158f3b3dedb08e77f3c87aecac3d2c3",
        "type": "github"
      },
      "original": {
        "owner": "Gerg-L",
        "repo": "spicetify-nix",
        "type": "github"
      }
    }
  },
  "root": "root",
  "version": 7
}
